
Microsoft Visual Studio Solution File, Format Version 12.00
# Visual Studio 15
VisualStudioVersion = 15.0.27703.2035
MinimumVisualStudioVersion = 10.0.40219.1
Project("{9A19103F-16F7-4668-BE54-9A1E7A4F7556}") = "BookmarkAnything", "BookmarkAnything\BookmarkAnything.csproj", "{53D4F9AD-31A4-480C-BF01-339F7B6989E7}"
EndProject
Project("{FAE04EC0-301F-11D3-BF4B-00C04F79EFBC}") = "BookmarkAnything.Data", "BookmarkAnything.Data\BookmarkAnything.Data.csproj", "{FE825513-8E2B-47BE-90F2-8FB5B3276ABB}"
EndProject
Project("{FAE04EC0-301F-11D3-BF4B-00C04F79EFBC}") = "BookmarkAnything.Application", "BookmarkAnything.Application\BookmarkAnything.Application.csproj", "{7646753A-A0DE-4B1E-AB9E-96FB1F40FDE9}"
EndProject
Global
	GlobalSection(SolutionConfigurationPlatforms) = preSolution
		Debug|Any CPU = Debug|Any CPU
		Release|Any CPU = Release|Any CPU
	EndGlobalSection
	GlobalSection(ProjectConfigurationPlatforms) = postSolution
		{53D4F9AD-31A4-480C-BF01-339F7B6989E7}.Debug|Any CPU.ActiveCfg = Debug|Any CPU
		{53D4F9AD-31A4-480C-BF01-339F7B6989E7}.Debug|Any CPU.Build.0 = Debug|Any CPU
		{53D4F9AD-31A4-480C-BF01-339F7B6989E7}.Release|Any CPU.ActiveCfg = Release|Any CPU
		{53D4F9AD-31A4-480C-BF01-339F7B6989E7}.Release|Any CPU.Build.0 = Release|Any CPU
		{FE825513-8E2B-47BE-90F2-8FB5B3276ABB}.Debug|Any CPU.ActiveCfg = Debug|Any CPU
		{FE825513-8E2B-47BE-90F2-8FB5B3276ABB}.Debug|Any CPU.Build.0 = Debug|Any CPU
		{FE825513-8E2B-47BE-90F2-8FB5B3276ABB}.Release|Any CPU.ActiveCfg = Release|Any CPU
		{FE825513-8E2B-47BE-90F2-8FB5B3276ABB}.Release|Any CPU.Build.0 = Release|Any CPU
		{7646753A-A0DE-4B1E-AB9E-96FB1F40FDE9}.Debug|Any CPU.ActiveCfg = Debug|Any CPU
		{7646753A-A0DE-4B1E-AB9E-96FB1F40FDE9}.Debug|Any CPU.Build.0 = Debug|Any CPU
		{7646753A-A0DE-4B1E-AB9E-96FB1F40FDE9}.Release|Any CPU.ActiveCfg = Release|Any CPU
		{7646753A-A0DE-4B1E-AB9E-96FB1F40FDE9}.Release|Any CPU.Build.0 = Release|Any CPU
	EndGlobalSection
	GlobalSection(SolutionProperties) = preSolution
		HideSolutionNode = FALSE
	EndGlobalSection
	GlobalSection(ExtensibilityGlobals) = postSolution
		SolutionGuid = {AA98CFB9-F704-4969-8CB1-FCB1589D879D}
	EndGlobalSection
EndGlobal
